
Microsoft Visual Studio Solution File, Format Version 12.00
# Visual Studio 15
VisualStudioVersion = 15.0.27703.2042
MinimumVisualStudioVersion = 10.0.40219.1
Project("{FAE04EC0-301F-11D3-BF4B-00C04F79EFBC}") = "VierGewinntServer", "VierGewinntServer\VierGewinntServer.csproj", "{0EAD46FE-E6F3-4692-8F28-2FB37FB1DFFB}"
EndProject
Global
	GlobalSection(SolutionConfigurationPlatforms) = preSolution
		Debug|Any CPU = Debug|Any CPU
		Release|Any CPU = Release|Any CPU
	EndGlobalSection
	GlobalSection(ProjectConfigurationPlatforms) = postSolution
		{0EAD46FE-E6F3-4692-8F28-2FB37FB1DFFB}.Debug|Any CPU.ActiveCfg = Debug|Any CPU
		{0EAD46FE-E6F3-4692-8F28-2FB37FB1DFFB}.Debug|Any CPU.Build.0 = Debug|Any CPU
		{0EAD46FE-E6F3-4692-8F28-2FB37FB1DFFB}.Release|Any CPU.ActiveCfg = Release|Any CPU
		{0EAD46FE-E6F3-4692-8F28-2FB37FB1DFFB}.Release|Any CPU.Build.0 = Release|Any CPU
	EndGlobalSection
	GlobalSection(SolutionProperties) = preSolution
		HideSolutionNode = FALSE
	EndGlobalSection
	GlobalSection(ExtensibilityGlobals) = postSolution
		SolutionGuid = {127FB719-AF50-4F21-B881-FECF7F52EADD}
	EndGlobalSection
EndGlobal
