
Microsoft Visual Studio Solution File, Format Version 12.00
# Visual Studio 15
VisualStudioVersion = 15.0.27703.2042
MinimumVisualStudioVersion = 10.0.40219.1
Project("{FAE04EC0-301F-11D3-BF4B-00C04F79EFBC}") = "SecureClient", "SecureClient\SecureClient.csproj", "{C623A697-BC33-43BD-91F2-FC01DBB6E6A3}"
EndProject
Global
	GlobalSection(SolutionConfigurationPlatforms) = preSolution
		Debug|Any CPU = Debug|Any CPU
		Release|Any CPU = Release|Any CPU
	EndGlobalSection
	GlobalSection(ProjectConfigurationPlatforms) = postSolution
		{C623A697-BC33-43BD-91F2-FC01DBB6E6A3}.Debug|Any CPU.ActiveCfg = Debug|Any CPU
		{C623A697-BC33-43BD-91F2-FC01DBB6E6A3}.Debug|Any CPU.Build.0 = Debug|Any CPU
		{C623A697-BC33-43BD-91F2-FC01DBB6E6A3}.Release|Any CPU.ActiveCfg = Release|Any CPU
		{C623A697-BC33-43BD-91F2-FC01DBB6E6A3}.Release|Any CPU.Build.0 = Release|Any CPU
	EndGlobalSection
	GlobalSection(SolutionProperties) = preSolution
		HideSolutionNode = FALSE
	EndGlobalSection
	GlobalSection(ExtensibilityGlobals) = postSolution
		SolutionGuid = {3F5BB9BA-2CD9-4E14-9396-71998C096588}
	EndGlobalSection
EndGlobal
